(setq el-get-lock-package-versions
      '((dockerfile-mode :checksum "bebfa1b73e7e006d574a0e4fbae225dc1db214ff")
        (yaml-mode :checksum "f378589912af8731428198ef57546c616d941df0")
        (company-go :checksum "92fcd5b7a94009078268e66101ac9e3f1c8cbb93")
        (company-mode :checksum "21357f6d6274420d0f4fda07841daf0853b4749c")
        (go-mode :checksum "259110bfd7acb62196b09487d0883429b444bf1b")
        (exec-path-from-shell :checksum "5836fb1656493be4152e8f20b5b0ec3d49ca2787")
        (init-loader :checksum "287da99eadfa3dd85492506db43d68324069b593")
        (company-jedi :checksum "2f54e791e10f5dc0ff164bfe97f1878359fab6f6")
        (epc :checksum "76fe6847a341f78c635164c18908a0b691f7212c")
        (ctable :checksum "cd673a09a80ce4e9e102ffe2e3d7e6bfb9d652b0")
        (python-environment :checksum "401006584e32864a10c69d29f14414828909362e")
        (deferred :checksum "9b46dedcb89923de417f7557743c4c22421f5787")
        (js2-mode :checksum "90e37cdfdec06c7127cbb35f03a341c9d39cc2d5")
        (web-mode :checksum "98be3285362a512d28a96ce4220c6dc295d5fee8")
        (ac-python :checksum "ad0eb870829b4113b988ce7be00e7fef0953d1bb")
        (auto-complete :checksum "ed1abca79bf476287bdf55ed8f7e0af53e5fdbae")
        (popup :checksum "80829dd46381754639fb764da11c67235fe63282")
        (fuzzy :checksum "534d723ad2e06322ff8d9bd0ba4863d243f698e7")
        (flycheck :checksum "a4dfb0eb5e5d59ab41646dfda06d551b15bfdf21")
        (pkg-info :checksum "76ba7415480687d05a4353b27fea2ae02b8d9d61")
        (epl :checksum "a5ad061d0a5eb42f66c384e55d102da7d52c96b0")
        (dash :checksum "958e3fb62fd326d3743c0603b80d24ab85712c03")
        (hc-zenburn-emacs :checksum "fd0024a5191cdce204d91c8f1db99ba31640f6e9")))
(setq el-get-lock-locked-packages 'nil)
(setq el-get-lock-unlocked-packages 'nil)
