(setq el-get-lock-package-versions
      '((fuzzy :checksum "534d723ad2e06322ff8d9bd0ba4863d243f698e7")
        (company-go :checksum "db76c0500389c506c47a38e352ecccb656cde87a")
        (typescript\.el :checksum "d81cc7278276b8d3a163e14fe5396126eff0475d")
        (js2-mode :checksum "b57d129c2f156eda96f7aea004472a7f6d70334a")
        (web-mode :checksum "867ea7c5d7f3d9bb41127dac364c0fb009adc7bf")
        (flycheck :checksum "b49e9ad9dcee3045c7d77756eb25ac69dbabff53")
        (ac-python :checksum "ad0eb870829b4113b988ce7be00e7fef0953d1bb")
        (pkg-info :checksum "4dbe328c9eced79e0004e3fdcd7bfb997a928be5")
        (epl :checksum "a5ad061d0a5eb42f66c384e55d102da7d52c96b0")
        (seq :checksum "1349714b20daed2e62a21ebdd5244acc0ccbef0c")
        (dash :checksum "8a46d3c7c126d3e979f7f9b36867a413694cd8df")
        (hc-zenburn-emacs :checksum "fd0024a5191cdce204d91c8f1db99ba31640f6e9")
        (go-autocomplete :checksum "16e3f34ebd5212ede9b3ea39846c01be69933c16")
        (go-mode :checksum "dccb56c1b1b85c3d7b3184a6606024077d4e1775")
        (exec-path-from-shell :checksum "673f1fc0606ca9a30eb62cb1ac2094d15ab9377e")
        (auto-complete :checksum "ab01ce9fe07fb30f156276dcb2ce795fdc54e241")
        (popup :checksum "004d58c47f6406b6555cf112f8a6eed6114cb63b")
        (init-loader :checksum "1f28a0b801cbb08aa9b47fd15ceab243a2bc064c")))
(setq el-get-lock-locked-packages 'nil)
(setq el-get-lock-unlocked-packages 'nil)
