(setq el-get-lock-package-versions
      '((jedi-core :checksum "b0764f425766786dfb1bff910ed1d1670f11eb9c")
        (go-guru :checksum "2939567ef6cea8fdc169e3bb848bfa5474777b9b")
        (protobuf-mode :checksum "dc27d96872b2992c7bbce151b627a0bfbd83e85d")
        (epc :checksum "76fe6847a341f78c635164c18908a0b691f7212c")
        (ctable :checksum "cd673a09a80ce4e9e102ffe2e3d7e6bfb9d652b0")
        (python-environment :checksum "401006584e32864a10c69d29f14414828909362e")
        (deferred :checksum "d012a1ab50edcc2c44e3e49006f054dbff47cb6c")
        (jinja2-mode :checksum "cfaa7bbe7bb290cc500440124ce89686f3e26f86")
        (ac-python :checksum "ad0eb870829b4113b988ce7be00e7fef0953d1bb")
        (auto-complete :checksum "2e83566ddfa758c69afe50b8a1c62a66f47471e3")
        (popup :checksum "80829dd46381754639fb764da11c67235fe63282")
        (fuzzy :checksum "534d723ad2e06322ff8d9bd0ba4863d243f698e7")
        (magit :checksum "ab9c189f619dd511724b8f3eaeaa2b9a606e2179")
        (with-editor :checksum "3385ffdc6faed5a283e26a7ebf89825c700dd395")
        (emacs-async :checksum "09a177c15bd3aafc57ba6a63ab093f640ffa2610")
        (dockerfile-mode :checksum "5f1e17e4e59fee4725c5b4cd9b5b49f1faaa108f")
        (yaml-mode :checksum "1c3ade410fb0bf5b6f2140b099f0ef96836ee74e")
        (company-go :checksum "6d0461ee42ef77138248430228a68ccb68c18138")
        (company-mode :checksum "e19e53eacca9624981068939b00b8d630c987d53")
        (go-mode :checksum "35f6826e435c3004dabf134d0f2ae2f31ea7b6a2")
        (exec-path-from-shell :checksum "c6eedaf916f763a68cbb7fdaf9c7af568546d4b9")
        (flycheck :checksum "312f78cd712f696dc169a34cb45622ca154d097e")
        (pkg-info :checksum "76ba7415480687d05a4353b27fea2ae02b8d9d61")
        (epl :checksum "a5ad061d0a5eb42f66c384e55d102da7d52c96b0")
        (dash :checksum "98e819e407bbc35478cde30a74be15f077bd6d4b")
        (seq :checksum "cdd5d2d24a8dc12ecbd4930193a374f2d0c35901")
        (hc-zenburn-emacs :checksum "fd0024a5191cdce204d91c8f1db99ba31640f6e9")
        (init-loader :checksum "287da99eadfa3dd85492506db43d68324069b593")
        (el-get-lock :checksum "df8cfe55441695865a64b97946750b6413a40425")))
(setq el-get-lock-locked-packages 'nil)
(setq el-get-lock-unlocked-packages 'nil)
